
Microsoft Visual Studio Solution File, Format Version 12.00
# Visual Studio Version 16
VisualStudioVersion = 16.0.31729.503
MinimumVisualStudioVersion = 10.0.40219.1
Project("{FAE04EC0-301F-11D3-BF4B-00C04F79EFBC}") = "computer1", "computer1.csproj", "{0A4F731C-3E3F-4F85-9981-B534476A7721}"
EndProject
Global
	GlobalSection(SolutionConfigurationPlatforms) = preSolution
		Debug|Any CPU = Debug|Any CPU
		Release|Any CPU = Release|Any CPU
	EndGlobalSection
	GlobalSection(ProjectConfigurationPlatforms) = postSolution
		{0A4F731C-3E3F-4F85-9981-B534476A7721}.Debug|Any CPU.ActiveCfg = Debug|Any CPU
		{0A4F731C-3E3F-4F85-9981-B534476A7721}.Debug|Any CPU.Build.0 = Debug|Any CPU
		{0A4F731C-3E3F-4F85-9981-B534476A7721}.Release|Any CPU.ActiveCfg = Release|Any CPU
		{0A4F731C-3E3F-4F85-9981-B534476A7721}.Release|Any CPU.Build.0 = Release|Any CPU
	EndGlobalSection
	GlobalSection(SolutionProperties) = preSolution
		HideSolutionNode = FALSE
	EndGlobalSection
	GlobalSection(ExtensibilityGlobals) = postSolution
		SolutionGuid = {0411E4E1-9AFC-4DDA-B7E1-894EE6D0B753}
	EndGlobalSection
EndGlobal
